
Microsoft Visual Studio Solution File, Format Version 12.00
# Visual Studio 15
VisualStudioVersion = 15.0.26403.7
MinimumVisualStudioVersion = 10.0.40219.1
Project("{2150E333-8FDC-42A3-9474-1A3956D46DE8}") = "src", "src", "{8FB04305-FBB9-4BD9-BBA6-8F36BC79E88C}"
EndProject
Project("{2150E333-8FDC-42A3-9474-1A3956D46DE8}") = "test", "test", "{7B45AC8D-FB5F-4A17-8EDF-A1DA1B01748E}"
EndProject
Project("{2150E333-8FDC-42A3-9474-1A3956D46DE8}") = "Data", "Data", "{D583B85A-1F35-48BC-B34A-BA14D15A4A89}"
EndProject
Project("{2150E333-8FDC-42A3-9474-1A3956D46DE8}") = "Web", "Web", "{DFA99A8B-CA87-4795-BC19-EB308769F1F4}"
EndProject
Project("{2150E333-8FDC-42A3-9474-1A3956D46DE8}") = "Services", "Services", "{B892CF94-62CE-4DCD-9281-2F0CB0B35EF8}"
EndProject
Project("{9A19103F-16F7-4668-BE54-9A1E7A4F7556}") = "HappyMe.Data", "src\Data\HappyMe.Data\HappyMe.Data.csproj", "{D003337A-C665-43D9-8C68-1D497B1D7CE7}"
EndProject
Project("{9A19103F-16F7-4668-BE54-9A1E7A4F7556}") = "HappyMe.Data.Contracts", "src\Data\HappyMe.Data.Contracts\HappyMe.Data.Contracts.csproj", "{6F0416AA-48AD-4194-8115-125F59646E68}"
EndProject
Project("{9A19103F-16F7-4668-BE54-9A1E7A4F7556}") = "HappyMe.Data.Models", "src\Data\HappyMe.Data.Models\HappyMe.Data.Models.csproj", "{D0187571-E5C6-42E6-8836-94771F3DBF52}"
EndProject
Project("{9A19103F-16F7-4668-BE54-9A1E7A4F7556}") = "HappyMe.Web", "src\Web\HappyMe.Web\HappyMe.Web.csproj", "{08E1812F-BCEE-4342-A83D-9A184016424E}"
EndProject
Project("{9A19103F-16F7-4668-BE54-9A1E7A4F7556}") = "HappyMe.Web.Common", "src\Web\HappyMe.Web.Common\HappyMe.Web.Common.csproj", "{F8852CD4-AD59-4204-B038-207150C3CD7A}"
EndProject
Project("{9A19103F-16F7-4668-BE54-9A1E7A4F7556}") = "HappyMe.Common", "src\HappyMe.Common\HappyMe.Common.csproj", "{BDCA879B-6D1B-4833-956B-FBBEC99E8E63}"
EndProject
Project("{FAE04EC0-301F-11D3-BF4B-00C04F79EFBC}") = "HappyMe.Services.Administration", "src\Services\HappyMe.Services.Administration\HappyMe.Services.Administration.csproj", "{1C0EF109-39FF-4151-B041-97B039E349CE}"
EndProject
Project("{FAE04EC0-301F-11D3-BF4B-00C04F79EFBC}") = "HappyMe.Services.Common", "src\Services\HappyMe.Services.Common\HappyMe.Services.Common.csproj", "{76C19050-2004-4CFE-8296-8B83880347B7}"
EndProject
Project("{FAE04EC0-301F-11D3-BF4B-00C04F79EFBC}") = "HappyMe.Services.Data", "src\Services\HappyMe.Services.Data\HappyMe.Services.Data.csproj", "{423D2F44-1E59-4ADA-81B0-281BD174D0C9}"
EndProject
Global
	GlobalSection(SolutionConfigurationPlatforms) = preSolution
		Debug|Any CPU = Debug|Any CPU
		Release|Any CPU = Release|Any CPU
	EndGlobalSection
	GlobalSection(ProjectConfigurationPlatforms) = postSolution
		{D003337A-C665-43D9-8C68-1D497B1D7CE7}.Debug|Any CPU.ActiveCfg = Debug|Any CPU
		{D003337A-C665-43D9-8C68-1D497B1D7CE7}.Debug|Any CPU.Build.0 = Debug|Any CPU
		{D003337A-C665-43D9-8C68-1D497B1D7CE7}.Release|Any CPU.ActiveCfg = Release|Any CPU
		{D003337A-C665-43D9-8C68-1D497B1D7CE7}.Release|Any CPU.Build.0 = Release|Any CPU
		{6F0416AA-48AD-4194-8115-125F59646E68}.Debug|Any CPU.ActiveCfg = Debug|Any CPU
		{6F0416AA-48AD-4194-8115-125F59646E68}.Debug|Any CPU.Build.0 = Debug|Any CPU
		{6F0416AA-48AD-4194-8115-125F59646E68}.Release|Any CPU.ActiveCfg = Release|Any CPU
		{6F0416AA-48AD-4194-8115-125F59646E68}.Release|Any CPU.Build.0 = Release|Any CPU
		{D0187571-E5C6-42E6-8836-94771F3DBF52}.Debug|Any CPU.ActiveCfg = Debug|Any CPU
		{D0187571-E5C6-42E6-8836-94771F3DBF52}.Debug|Any CPU.Build.0 = Debug|Any CPU
		{D0187571-E5C6-42E6-8836-94771F3DBF52}.Release|Any CPU.ActiveCfg = Release|Any CPU
		{D0187571-E5C6-42E6-8836-94771F3DBF52}.Release|Any CPU.Build.0 = Release|Any CPU
		{08E1812F-BCEE-4342-A83D-9A184016424E}.Debug|Any CPU.ActiveCfg = Debug|Any CPU
		{08E1812F-BCEE-4342-A83D-9A184016424E}.Debug|Any CPU.Build.0 = Debug|Any CPU
		{08E1812F-BCEE-4342-A83D-9A184016424E}.Release|Any CPU.ActiveCfg = Release|Any CPU
		{08E1812F-BCEE-4342-A83D-9A184016424E}.Release|Any CPU.Build.0 = Release|Any CPU
		{F8852CD4-AD59-4204-B038-207150C3CD7A}.Debug|Any CPU.ActiveCfg = Debug|Any CPU
		{F8852CD4-AD59-4204-B038-207150C3CD7A}.Debug|Any CPU.Build.0 = Debug|Any CPU
		{F8852CD4-AD59-4204-B038-207150C3CD7A}.Release|Any CPU.ActiveCfg = Release|Any CPU
		{F8852CD4-AD59-4204-B038-207150C3CD7A}.Release|Any CPU.Build.0 = Release|Any CPU
		{BDCA879B-6D1B-4833-956B-FBBEC99E8E63}.Debug|Any CPU.ActiveCfg = Debug|Any CPU
		{BDCA879B-6D1B-4833-956B-FBBEC99E8E63}.Debug|Any CPU.Build.0 = Debug|Any CPU
		{BDCA879B-6D1B-4833-956B-FBBEC99E8E63}.Release|Any CPU.ActiveCfg = Release|Any CPU
		{BDCA879B-6D1B-4833-956B-FBBEC99E8E63}.Release|Any CPU.Build.0 = Release|Any CPU
		{1C0EF109-39FF-4151-B041-97B039E349CE}.Debug|Any CPU.ActiveCfg = Debug|Any CPU
		{1C0EF109-39FF-4151-B041-97B039E349CE}.Debug|Any CPU.Build.0 = Debug|Any CPU
		{1C0EF109-39FF-4151-B041-97B039E349CE}.Release|Any CPU.ActiveCfg = Release|Any CPU
		{1C0EF109-39FF-4151-B041-97B039E349CE}.Release|Any CPU.Build.0 = Release|Any CPU
		{76C19050-2004-4CFE-8296-8B83880347B7}.Debug|Any CPU.ActiveCfg = Debug|Any CPU
		{76C19050-2004-4CFE-8296-8B83880347B7}.Debug|Any CPU.Build.0 = Debug|Any CPU
		{76C19050-2004-4CFE-8296-8B83880347B7}.Release|Any CPU.ActiveCfg = Release|Any CPU
		{76C19050-2004-4CFE-8296-8B83880347B7}.Release|Any CPU.Build.0 = Release|Any CPU
		{423D2F44-1E59-4ADA-81B0-281BD174D0C9}.Debug|Any CPU.ActiveCfg = Debug|Any CPU
		{423D2F44-1E59-4ADA-81B0-281BD174D0C9}.Debug|Any CPU.Build.0 = Debug|Any CPU
		{423D2F44-1E59-4ADA-81B0-281BD174D0C9}.Release|Any CPU.ActiveCfg = Release|Any CPU
		{423D2F44-1E59-4ADA-81B0-281BD174D0C9}.Release|Any CPU.Build.0 = Release|Any CPU
	EndGlobalSection
	GlobalSection(SolutionProperties) = preSolution
		HideSolutionNode = FALSE
	EndGlobalSection
	GlobalSection(NestedProjects) = preSolution
		{D583B85A-1F35-48BC-B34A-BA14D15A4A89} = {8FB04305-FBB9-4BD9-BBA6-8F36BC79E88C}
		{DFA99A8B-CA87-4795-BC19-EB308769F1F4} = {8FB04305-FBB9-4BD9-BBA6-8F36BC79E88C}
		{B892CF94-62CE-4DCD-9281-2F0CB0B35EF8} = {8FB04305-FBB9-4BD9-BBA6-8F36BC79E88C}
		{D003337A-C665-43D9-8C68-1D497B1D7CE7} = {D583B85A-1F35-48BC-B34A-BA14D15A4A89}
		{6F0416AA-48AD-4194-8115-125F59646E68} = {D583B85A-1F35-48BC-B34A-BA14D15A4A89}
		{D0187571-E5C6-42E6-8836-94771F3DBF52} = {D583B85A-1F35-48BC-B34A-BA14D15A4A89}
		{08E1812F-BCEE-4342-A83D-9A184016424E} = {DFA99A8B-CA87-4795-BC19-EB308769F1F4}
		{F8852CD4-AD59-4204-B038-207150C3CD7A} = {DFA99A8B-CA87-4795-BC19-EB308769F1F4}
		{BDCA879B-6D1B-4833-956B-FBBEC99E8E63} = {8FB04305-FBB9-4BD9-BBA6-8F36BC79E88C}
		{1C0EF109-39FF-4151-B041-97B039E349CE} = {B892CF94-62CE-4DCD-9281-2F0CB0B35EF8}
		{76C19050-2004-4CFE-8296-8B83880347B7} = {B892CF94-62CE-4DCD-9281-2F0CB0B35EF8}
		{423D2F44-1E59-4ADA-81B0-281BD174D0C9} = {B892CF94-62CE-4DCD-9281-2F0CB0B35EF8}
	EndGlobalSection
EndGlobal
