
Microsoft Visual Studio Solution File, Format Version 12.00
# Visual Studio 14
VisualStudioVersion = 14.0.25123.0
MinimumVisualStudioVersion = 10.0.40219.1
Project("{2150E333-8FDC-42A3-9474-1A3956D46DE8}") = "Data", "Data", "{71607662-388C-4C99-B630-F24F931416D9}"
EndProject
Project("{2150E333-8FDC-42A3-9474-1A3956D46DE8}") = "Services", "Services", "{ABBC0AA2-1F43-4FAA-9485-E73A7CA838F1}"
EndProject
Project("{2150E333-8FDC-42A3-9474-1A3956D46DE8}") = "Web", "Web", "{27782304-ABCA-473C-A2CB-50DBD09563F6}"
EndProject
Project("{2150E333-8FDC-42A3-9474-1A3956D46DE8}") = "Tests", "Tests", "{8213308F-E05D-42A4-B424-958EA9D86457}"
EndProject
Project("{FAE04EC0-301F-11D3-BF4B-00C04F79EFBC}") = "Te4Fest.Web.Api", "Web\Te4Fest.Web.Api\Te4Fest.Web.Api.csproj", "{967315AE-1FBC-4537-8636-4C88464D748D}"
EndProject
Project("{FAE04EC0-301F-11D3-BF4B-00C04F79EFBC}") = "Te4Fest.Data", "Data\Te4Fest.Data\Te4Fest.Data.csproj", "{72C1B581-35D3-4913-9056-7FD98700B010}"
EndProject
Project("{FAE04EC0-301F-11D3-BF4B-00C04F79EFBC}") = "Te4Fest.Data.Models", "Data\Te4Fest.Data.Models\Te4Fest.Data.Models.csproj", "{C4A645C4-329D-42E1-87C0-494AD19775EA}"
EndProject
Project("{FAE04EC0-301F-11D3-BF4B-00C04F79EFBC}") = "Te4Fest.Services.Common", "Services\Te4Fest.Services.Common\Te4Fest.Services.Common.csproj", "{98D63F27-173E-4A8A-978D-27300694536E}"
EndProject
Project("{FAE04EC0-301F-11D3-BF4B-00C04F79EFBC}") = "Te4Fest.Data.Contracts", "Data\Te4Fest.Data.Contracts\Te4Fest.Data.Contracts.csproj", "{9BC2B1CD-C05D-40CA-A972-C4B16F3CB064}"
EndProject
Project("{FAE04EC0-301F-11D3-BF4B-00C04F79EFBC}") = "Te4Fest.Services.Data", "Services\Te4Fest.Services.Data\Te4Fest.Services.Data.csproj", "{862BD9D3-A1C0-4D9B-93A0-DD65A443E97B}"
EndProject
Project("{FAE04EC0-301F-11D3-BF4B-00C04F79EFBC}") = "Te4Fest.Services.Administration", "Services\Te4Fest.Services.Administration\Te4Fest.Services.Administration.csproj", "{39A959EB-97EB-4FFD-BDF4-6BF9DDFE24A4}"
EndProject
Project("{FAE04EC0-301F-11D3-BF4B-00C04F79EFBC}") = "Te4Fest.Web", "Web\Te4Fest.Web\Te4Fest.Web.csproj", "{7A3B6260-F9CD-4C02-8E6A-FAB82D12C539}"
EndProject
Project("{FAE04EC0-301F-11D3-BF4B-00C04F79EFBC}") = "Te4Fest.Web.Common", "Web\Te4Fest.Web.Common\Te4Fest.Web.Common.csproj", "{93689A76-EBBA-45A7-8DA4-CC1376BD0D1D}"
EndProject
Project("{2150E333-8FDC-42A3-9474-1A3956D46DE8}") = "Tools", "Tools", "{6DAB1DE2-6E77-49D8-957F-C3338CF8F9BA}"
EndProject
Project("{FAE04EC0-301F-11D3-BF4B-00C04F79EFBC}") = "Te4Fest.Common", "Te4Fest.Common\Te4Fest.Common.csproj", "{BE0B0219-3996-433E-B63B-5BF485F9230C}"
EndProject
Project("{2150E333-8FDC-42A3-9474-1A3956D46DE8}") = "Solution Items", "Solution Items", "{52E8B551-EDD7-4DD9-B085-A8A778CFF9FD}"
	ProjectSection(SolutionItems) = preProject
		Gruntfile.js = Gruntfile.js
		package.json = package.json
	EndProjectSection
EndProject
Global
	GlobalSection(SolutionConfigurationPlatforms) = preSolution
		Debug|Any CPU = Debug|Any CPU
		Release|Any CPU = Release|Any CPU
	EndGlobalSection
	GlobalSection(ProjectConfigurationPlatforms) = postSolution
		{967315AE-1FBC-4537-8636-4C88464D748D}.Debug|Any CPU.ActiveCfg = Debug|Any CPU
		{967315AE-1FBC-4537-8636-4C88464D748D}.Debug|Any CPU.Build.0 = Debug|Any CPU
		{967315AE-1FBC-4537-8636-4C88464D748D}.Release|Any CPU.ActiveCfg = Release|Any CPU
		{967315AE-1FBC-4537-8636-4C88464D748D}.Release|Any CPU.Build.0 = Release|Any CPU
		{72C1B581-35D3-4913-9056-7FD98700B010}.Debug|Any CPU.ActiveCfg = Debug|Any CPU
		{72C1B581-35D3-4913-9056-7FD98700B010}.Debug|Any CPU.Build.0 = Debug|Any CPU
		{72C1B581-35D3-4913-9056-7FD98700B010}.Release|Any CPU.ActiveCfg = Release|Any CPU
		{72C1B581-35D3-4913-9056-7FD98700B010}.Release|Any CPU.Build.0 = Release|Any CPU
		{C4A645C4-329D-42E1-87C0-494AD19775EA}.Debug|Any CPU.ActiveCfg = Debug|Any CPU
		{C4A645C4-329D-42E1-87C0-494AD19775EA}.Debug|Any CPU.Build.0 = Debug|Any CPU
		{C4A645C4-329D-42E1-87C0-494AD19775EA}.Release|Any CPU.ActiveCfg = Release|Any CPU
		{C4A645C4-329D-42E1-87C0-494AD19775EA}.Release|Any CPU.Build.0 = Release|Any CPU
		{98D63F27-173E-4A8A-978D-27300694536E}.Debug|Any CPU.ActiveCfg = Debug|Any CPU
		{98D63F27-173E-4A8A-978D-27300694536E}.Debug|Any CPU.Build.0 = Debug|Any CPU
		{98D63F27-173E-4A8A-978D-27300694536E}.Release|Any CPU.ActiveCfg = Release|Any CPU
		{98D63F27-173E-4A8A-978D-27300694536E}.Release|Any CPU.Build.0 = Release|Any CPU
		{9BC2B1CD-C05D-40CA-A972-C4B16F3CB064}.Debug|Any CPU.ActiveCfg = Debug|Any CPU
		{9BC2B1CD-C05D-40CA-A972-C4B16F3CB064}.Debug|Any CPU.Build.0 = Debug|Any CPU
		{9BC2B1CD-C05D-40CA-A972-C4B16F3CB064}.Release|Any CPU.ActiveCfg = Release|Any CPU
		{9BC2B1CD-C05D-40CA-A972-C4B16F3CB064}.Release|Any CPU.Build.0 = Release|Any CPU
		{862BD9D3-A1C0-4D9B-93A0-DD65A443E97B}.Debug|Any CPU.ActiveCfg = Debug|Any CPU
		{862BD9D3-A1C0-4D9B-93A0-DD65A443E97B}.Debug|Any CPU.Build.0 = Debug|Any CPU
		{862BD9D3-A1C0-4D9B-93A0-DD65A443E97B}.Release|Any CPU.ActiveCfg = Release|Any CPU
		{862BD9D3-A1C0-4D9B-93A0-DD65A443E97B}.Release|Any CPU.Build.0 = Release|Any CPU
		{39A959EB-97EB-4FFD-BDF4-6BF9DDFE24A4}.Debug|Any CPU.ActiveCfg = Debug|Any CPU
		{39A959EB-97EB-4FFD-BDF4-6BF9DDFE24A4}.Debug|Any CPU.Build.0 = Debug|Any CPU
		{39A959EB-97EB-4FFD-BDF4-6BF9DDFE24A4}.Release|Any CPU.ActiveCfg = Release|Any CPU
		{39A959EB-97EB-4FFD-BDF4-6BF9DDFE24A4}.Release|Any CPU.Build.0 = Release|Any CPU
		{7A3B6260-F9CD-4C02-8E6A-FAB82D12C539}.Debug|Any CPU.ActiveCfg = Debug|Any CPU
		{7A3B6260-F9CD-4C02-8E6A-FAB82D12C539}.Debug|Any CPU.Build.0 = Debug|Any CPU
		{7A3B6260-F9CD-4C02-8E6A-FAB82D12C539}.Release|Any CPU.ActiveCfg = Release|Any CPU
		{7A3B6260-F9CD-4C02-8E6A-FAB82D12C539}.Release|Any CPU.Build.0 = Release|Any CPU
		{93689A76-EBBA-45A7-8DA4-CC1376BD0D1D}.Debug|Any CPU.ActiveCfg = Debug|Any CPU
		{93689A76-EBBA-45A7-8DA4-CC1376BD0D1D}.Debug|Any CPU.Build.0 = Debug|Any CPU
		{93689A76-EBBA-45A7-8DA4-CC1376BD0D1D}.Release|Any CPU.ActiveCfg = Release|Any CPU
		{93689A76-EBBA-45A7-8DA4-CC1376BD0D1D}.Release|Any CPU.Build.0 = Release|Any CPU
		{BE0B0219-3996-433E-B63B-5BF485F9230C}.Debug|Any CPU.ActiveCfg = Debug|Any CPU
		{BE0B0219-3996-433E-B63B-5BF485F9230C}.Debug|Any CPU.Build.0 = Debug|Any CPU
		{BE0B0219-3996-433E-B63B-5BF485F9230C}.Release|Any CPU.ActiveCfg = Release|Any CPU
		{BE0B0219-3996-433E-B63B-5BF485F9230C}.Release|Any CPU.Build.0 = Release|Any CPU
	EndGlobalSection
	GlobalSection(SolutionProperties) = preSolution
		HideSolutionNode = FALSE
	EndGlobalSection
	GlobalSection(NestedProjects) = preSolution
		{967315AE-1FBC-4537-8636-4C88464D748D} = {27782304-ABCA-473C-A2CB-50DBD09563F6}
		{72C1B581-35D3-4913-9056-7FD98700B010} = {71607662-388C-4C99-B630-F24F931416D9}
		{C4A645C4-329D-42E1-87C0-494AD19775EA} = {71607662-388C-4C99-B630-F24F931416D9}
		{98D63F27-173E-4A8A-978D-27300694536E} = {ABBC0AA2-1F43-4FAA-9485-E73A7CA838F1}
		{9BC2B1CD-C05D-40CA-A972-C4B16F3CB064} = {71607662-388C-4C99-B630-F24F931416D9}
		{862BD9D3-A1C0-4D9B-93A0-DD65A443E97B} = {ABBC0AA2-1F43-4FAA-9485-E73A7CA838F1}
		{39A959EB-97EB-4FFD-BDF4-6BF9DDFE24A4} = {ABBC0AA2-1F43-4FAA-9485-E73A7CA838F1}
		{7A3B6260-F9CD-4C02-8E6A-FAB82D12C539} = {27782304-ABCA-473C-A2CB-50DBD09563F6}
		{93689A76-EBBA-45A7-8DA4-CC1376BD0D1D} = {27782304-ABCA-473C-A2CB-50DBD09563F6}
	EndGlobalSection
EndGlobal
